# THIS IS AN AUTOGENERATED FILE. DO NOT EDIT THIS FILE DIRECTLY.
# yarn lockfile v1


"@babel/runtime@^7.21.0":
  version "7.23.1"
  resolved "https://registry.yarnpkg.com/@babel/runtime/-/runtime-7.23.1.tgz#72741dc4d413338a91dcb044a86f3c0bc402646d"
  integrity sha512-hC2v6p8ZSI/W0HUzh3V8C5g+NwSKzKPtJwSpTjwl0o297GP9+ZLQSkdvHz46CM3LqyoXxq+5G9komY+eSqSO0g==
  dependencies:
    regenerator-runtime "^0.14.0"

"@esbuild/android-arm64@0.19.4":
  version "0.19.4"
  resolved "https://registry.yarnpkg.com/@esbuild/android-arm64/-/android-arm64-0.19.4.tgz#74752a09301b8c6b9a415fbda9fb71406a62a7b7"
  integrity sha512-mRsi2vJsk4Bx/AFsNBqOH2fqedxn5L/moT58xgg51DjX1la64Z3Npicut2VbhvDFO26qjWtPMsVxCd80YTFVeg==

"@esbuild/android-arm@0.19.4":
  version "0.19.4"
  resolved "https://registry.yarnpkg.com/@esbuild/android-arm/-/android-arm-0.19.4.tgz#c27363e1e280e577d9b5c8fa7c7a3be2a8d79bf5"
  integrity sha512-uBIbiYMeSsy2U0XQoOGVVcpIktjLMEKa7ryz2RLr7L/vTnANNEsPVAh4xOv7ondGz6ac1zVb0F8Jx20rQikffQ==

"@esbuild/android-x64@0.19.4":
  version "0.19.4"
  resolved "https://registry.yarnpkg.com/@esbuild/android-x64/-/android-x64-0.19.4.tgz#6c9ee03d1488973d928618100048b75b147e0426"
  integrity sha512-4iPufZ1TMOD3oBlGFqHXBpa3KFT46aLl6Vy7gwed0ZSYgHaZ/mihbYb4t7Z9etjkC9Al3ZYIoOaHrU60gcMy7g==

"@esbuild/darwin-arm64@0.19.4":
  version "0.19.4"
  resolved "https://registry.yarnpkg.com/@esbuild/darwin-arm64/-/darwin-arm64-0.19.4.tgz#64e2ee945e5932cd49812caa80e8896e937e2f8b"
  integrity sha512-Lviw8EzxsVQKpbS+rSt6/6zjn9ashUZ7Tbuvc2YENgRl0yZTktGlachZ9KMJUsVjZEGFVu336kl5lBgDN6PmpA==

"@esbuild/darwin-x64@0.19.4":
  version "0.19.4"
  resolved "https://registry.yarnpkg.com/@esbuild/darwin-x64/-/darwin-x64-0.19.4.tgz#d8e26e1b965df284692e4d1263ba69a49b39ac7a"
  integrity sha512-YHbSFlLgDwglFn0lAO3Zsdrife9jcQXQhgRp77YiTDja23FrC2uwnhXMNkAucthsf+Psr7sTwYEryxz6FPAVqw==

"@esbuild/freebsd-arm64@0.19.4":
  version "0.19.4"
  resolved "https://registry.yarnpkg.com/@esbuild/freebsd-arm64/-/freebsd-arm64-0.19.4.tgz#29751a41b242e0a456d89713b228f1da4f45582f"
  integrity sha512-vz59ijyrTG22Hshaj620e5yhs2dU1WJy723ofc+KUgxVCM6zxQESmWdMuVmUzxtGqtj5heHyB44PjV/HKsEmuQ==

"@esbuild/freebsd-x64@0.19.4":
  version "0.19.4"
  resolved "https://registry.yarnpkg.com/@esbuild/freebsd-x64/-/freebsd-x64-0.19.4.tgz#873edc0f73e83a82432460ea59bf568c1e90b268"
  integrity sha512-3sRbQ6W5kAiVQRBWREGJNd1YE7OgzS0AmOGjDmX/qZZecq8NFlQsQH0IfXjjmD0XtUYqr64e0EKNFjMUlPL3Cw==

"@esbuild/linux-arm64@0.19.4":
  version "0.19.4"
  resolved "https://registry.yarnpkg.com/@esbuild/linux-arm64/-/linux-arm64-0.19.4.tgz#659f2fa988d448dbf5010b5cc583be757cc1b914"
  integrity sha512-ZWmWORaPbsPwmyu7eIEATFlaqm0QGt+joRE9sKcnVUG3oBbr/KYdNE2TnkzdQwX6EDRdg/x8Q4EZQTXoClUqqA==

"@esbuild/linux-arm@0.19.4":
  version "0.19.4"
  resolved "https://registry.yarnpkg.com/@esbuild/linux-arm/-/linux-arm-0.19.4.tgz#d5b13a7ec1f1c655ce05c8d319b3950797baee55"
  integrity sha512-z/4ArqOo9EImzTi4b6Vq+pthLnepFzJ92BnofU1jgNlcVb+UqynVFdoXMCFreTK7FdhqAzH0vmdwW5373Hm9pg==

"@esbuild/linux-ia32@0.19.4":
  version "0.19.4"
  resolved "https://registry.yarnpkg.com/@esbuild/linux-ia32/-/linux-ia32-0.19.4.tgz#878cd8bf24c9847c77acdb5dd1b2ef6e4fa27a82"
  integrity sha512-EGc4vYM7i1GRUIMqRZNCTzJh25MHePYsnQfKDexD8uPTCm9mK56NIL04LUfX2aaJ+C9vyEp2fJ7jbqFEYgO9lQ==

"@esbuild/linux-loong64@0.19.4":
  version "0.19.4"
  resolved "https://registry.yarnpkg.com/@esbuild/linux-loong64/-/linux-loong64-0.19.4.tgz#df890499f6e566b7de3aa2361be6df2b8d5fa015"
  integrity sha512-WVhIKO26kmm8lPmNrUikxSpXcgd6HDog0cx12BUfA2PkmURHSgx9G6vA19lrlQOMw+UjMZ+l3PpbtzffCxFDRg==

"@esbuild/linux-mips64el@0.19.4":
  version "0.19.4"
  resolved "https://registry.yarnpkg.com/@esbuild/linux-mips64el/-/linux-mips64el-0.19.4.tgz#76eae4e88d2ce9f4f1b457e93892e802851b6807"
  integrity sha512-keYY+Hlj5w86hNp5JJPuZNbvW4jql7c1eXdBUHIJGTeN/+0QFutU3GrS+c27L+NTmzi73yhtojHk+lr2+502Mw==

"@esbuild/linux-ppc64@0.19.4":
  version "0.19.4"
  resolved "https://registry.yarnpkg.com/@esbuild/linux-ppc64/-/linux-ppc64-0.19.4.tgz#c49032f4abbcfa3f747b543a106931fe3dce41ff"
  integrity sha512-tQ92n0WMXyEsCH4m32S21fND8VxNiVazUbU4IUGVXQpWiaAxOBvtOtbEt3cXIV3GEBydYsY8pyeRMJx9kn3rvw==

"@esbuild/linux-riscv64@0.19.4":
  version "0.19.4"
  resolved "https://registry.yarnpkg.com/@esbuild/linux-riscv64/-/linux-riscv64-0.19.4.tgz#0f815a090772138503ee0465a747e16865bf94b1"
  integrity sha512-tRRBey6fG9tqGH6V75xH3lFPpj9E8BH+N+zjSUCnFOX93kEzqS0WdyJHkta/mmJHn7MBaa++9P4ARiU4ykjhig==

"@esbuild/linux-s390x@0.19.4":
  version "0.19.4"
  resolved "https://registry.yarnpkg.com/@esbuild/linux-s390x/-/linux-s390x-0.19.4.tgz#8d2cca20cd4e7c311fde8701d9f1042664f8b92b"
  integrity sha512-152aLpQqKZYhThiJ+uAM4PcuLCAOxDsCekIbnGzPKVBRUDlgaaAfaUl5NYkB1hgY6WN4sPkejxKlANgVcGl9Qg==

"@esbuild/linux-x64@0.19.4":
  version "0.19.4"
  resolved "https://registry.yarnpkg.com/@esbuild/linux-x64/-/linux-x64-0.19.4.tgz#f618bec2655de49bff91c588777e37b5e3169d4a"
  integrity sha512-Mi4aNA3rz1BNFtB7aGadMD0MavmzuuXNTaYL6/uiYIs08U7YMPETpgNn5oue3ICr+inKwItOwSsJDYkrE9ekVg==

"@esbuild/netbsd-x64@0.19.4":
  version "0.19.4"
  resolved "https://registry.yarnpkg.com/@esbuild/netbsd-x64/-/netbsd-x64-0.19.4.tgz#7889744ca4d60f1538d62382b95e90a49687cef2"
  integrity sha512-9+Wxx1i5N/CYo505CTT7T+ix4lVzEdz0uCoYGxM5JDVlP2YdDC1Bdz+Khv6IbqmisT0Si928eAxbmGkcbiuM/A==

"@esbuild/openbsd-x64@0.19.4":
  version "0.19.4"
  resolved "https://registry.yarnpkg.com/@esbuild/openbsd-x64/-/openbsd-x64-0.19.4.tgz#c3e436eb9271a423d2e8436fcb120e3fd90e2b01"
  integrity sha512-MFsHleM5/rWRW9EivFssop+OulYVUoVcqkyOkjiynKBCGBj9Lihl7kh9IzrreDyXa4sNkquei5/DTP4uCk25xw==

"@esbuild/sunos-x64@0.19.4":
  version "0.19.4"
  resolved "https://registry.yarnpkg.com/@esbuild/sunos-x64/-/sunos-x64-0.19.4.tgz#f63f5841ba8c8c1a1c840d073afc99b53e8ce740"
  integrity sha512-6Xq8SpK46yLvrGxjp6HftkDwPP49puU4OF0hEL4dTxqCbfx09LyrbUj/D7tmIRMj5D5FCUPksBbxyQhp8tmHzw==

"@esbuild/win32-arm64@0.19.4":
  version "0.19.4"
  resolved "https://registry.yarnpkg.com/@esbuild/win32-arm64/-/win32-arm64-0.19.4.tgz#80be69cec92da4da7781cf7a8351b95cc5a236b0"
  integrity sha512-PkIl7Jq4mP6ke7QKwyg4fD4Xvn8PXisagV/+HntWoDEdmerB2LTukRZg728Yd1Fj+LuEX75t/hKXE2Ppk8Hh1w==

"@esbuild/win32-ia32@0.19.4":
  version "0.19.4"
  resolved "https://registry.yarnpkg.com/@esbuild/win32-ia32/-/win32-ia32-0.19.4.tgz#15dc0ed83d2794872b05d8edc4a358fecf97eb54"
  integrity sha512-ga676Hnvw7/ycdKB53qPusvsKdwrWzEyJ+AtItHGoARszIqvjffTwaaW3b2L6l90i7MO9i+dlAW415INuRhSGg==

"@esbuild/win32-x64@0.19.4":
  version "0.19.4"
  resolved "https://registry.yarnpkg.com/@esbuild/win32-x64/-/win32-x64-0.19.4.tgz#d46a6e220a717f31f39ae80f49477cc3220be0f0"
  integrity sha512-HP0GDNla1T3ZL8Ko/SHAS2GgtjOg+VmWnnYLhuTksr++EnduYB0f3Y2LzHsUwb2iQ13JGoY6G3R8h6Du/WG6uA==

"@formatjs/ecma402-abstract@1.11.4":
  version "1.11.4"
  resolved "https://registry.yarnpkg.com/@formatjs/ecma402-abstract/-/ecma402-abstract-1.11.4.tgz#b962dfc4ae84361f9f08fbce411b4e4340930eda"
  integrity sha512-EBikYFp2JCdIfGEb5G9dyCkTGDmC57KSHhRQOC3aYxoPWVZvfWCDjZwkGYHN7Lis/fmuWl906bnNTJifDQ3sXw==
  dependencies:
    "@formatjs/intl-localematcher" "0.2.25"
    tslib "^2.1.0"

"@formatjs/fast-memoize@1.2.1":
  version "1.2.1"
  resolved "https://registry.yarnpkg.com/@formatjs/fast-memoize/-/fast-memoize-1.2.1.tgz#e6f5aee2e4fd0ca5edba6eba7668e2d855e0fc21"
  integrity sha512-Rg0e76nomkz3vF9IPlKeV+Qynok0r7YZjL6syLz4/urSg0IbjPZCB/iYUMNsYA643gh4mgrX3T7KEIFIxJBQeg==
  dependencies:
    tslib "^2.1.0"

"@formatjs/icu-messageformat-parser@2.1.0":
  version "2.1.0"
  resolved "https://registry.yarnpkg.com/@formatjs/icu-messageformat-parser/-/icu-messageformat-parser-2.1.0.tgz#a54293dd7f098d6a6f6a084ab08b6d54a3e8c12d"
  integrity sha512-Qxv/lmCN6hKpBSss2uQ8IROVnta2r9jd3ymUEIjm2UyIkUCHVcbUVRGL/KS/wv7876edvsPe+hjHVJ4z8YuVaw==
  dependencies:
    "@formatjs/ecma402-abstract" "1.11.4"
    "@formatjs/icu-skeleton-parser" "1.3.6"
    tslib "^2.1.0"

"@formatjs/icu-skeleton-parser@1.3.6":
  version "1.3.6"
  resolved "https://registry.yarnpkg.com/@formatjs/icu-skeleton-parser/-/icu-skeleton-parser-1.3.6.tgz#4ce8c0737d6f07b735288177049e97acbf2e8964"
  integrity sha512-I96mOxvml/YLrwU2Txnd4klA7V8fRhb6JG/4hm3VMNmeJo1F03IpV2L3wWt7EweqNLES59SZ4d6hVOPCSf80Bg==
  dependencies:
    "@formatjs/ecma402-abstract" "1.11.4"
    tslib "^2.1.0"

"@formatjs/intl-localematcher@0.2.25":
  version "0.2.25"
  resolved "https://registry.yarnpkg.com/@formatjs/intl-localematcher/-/intl-localematcher-0.2.25.tgz#60892fe1b271ec35ba07a2eb018a2dd7bca6ea3a"
  integrity sha512-YmLcX70BxoSopLFdLr1Ds99NdlTI2oWoLbaUW2M406lxOIPzE1KQhRz2fPUkq34xVZQaihCoU29h0KK7An3bhA==
  dependencies:
    tslib "^2.1.0"

anymatch@~3.1.2:
  version "3.1.3"
  resolved "https://registry.yarnpkg.com/anymatch/-/anymatch-3.1.3.tgz#790c58b19ba1720a84205b57c618d5ad8524973e"
  integrity sha512-KMReFUr0B4t+D+OBkjR3KYqvocp2XaSzO55UcB6mgQMd3KbcE+mWTyvVV7D/zsdEbNnV6acZUutkiHQXvTr1Rw==
  dependencies:
    normalize-path "^3.0.0"
    picomatch "^2.0.4"

binary-extensions@^2.0.0:
  version "2.2.0"
  resolved "https://registry.yarnpkg.com/binary-extensions/-/binary-extensions-2.2.0.tgz#75f502eeaf9ffde42fc98829645be4ea76bd9e2d"
  integrity sha512-jDctJ/IVQbZoJykoeHbhXpOlNBqGNcwXJKJog42E5HDPUwQTSdjCHdihjj0DlnheQ7blbT6dHOafNAiS8ooQKA==

bootstrap@^5.2.3:
  version "5.3.2"
  resolved "https://registry.yarnpkg.com/bootstrap/-/bootstrap-5.3.2.tgz#97226583f27aae93b2b28ab23f4c114757ff16ae"
  integrity sha512-D32nmNWiQHo94BKHLmOrdjlL05q1c8oxbtBphQFb9Z5to6eGRDCm0QgeaZ4zFBHzfg2++rqa2JkqCcxDy0sH0g==

braces@~3.0.2:
  version "3.0.2"
  resolved "https://registry.yarnpkg.com/braces/-/braces-3.0.2.tgz#3454e1a462ee8d599e236df336cd9ea4f8afe107"
  integrity sha512-b8um+L1RzM3WDSzvhm6gIz1yfTbBt6YTlcEKAvsmqCZZFw46z626lVj9j1yEPW33H5H+lBQpZMP1k8l+78Ha0A==
  dependencies:
    fill-range "^7.0.1"

carbon-components-svelte@^0.80.0:
  version "0.80.0"
  resolved "https://registry.yarnpkg.com/carbon-components-svelte/-/carbon-components-svelte-0.80.0.tgz#901ae09788c98052ae5cd200e6b3678256843580"
  integrity sha512-OTk75KJGEQQLEKSvsZUk4GEYtg6ClSKVyTJPvqiBIOUJ1LVW9ZZppCAieWeBvff1GqVrPm1EDthl6YS730lONA==
  dependencies:
    flatpickr "4.6.9"

"chokidar@>=3.0.0 <4.0.0":
  version "3.5.3"
  resolved "https://registry.yarnpkg.com/chokidar/-/chokidar-3.5.3.tgz#1cf37c8707b932bd1af1ae22c0432e2acd1903bd"
  integrity sha512-Dr3sfKRP6oTcjf2JmUmFJfeVMvXBdegxB0iVQ5eb2V10uFJUCAS8OByZdVAyVb8xXNz3GjjTgj9kLWsZTqE6kw==
  dependencies:
    anymatch "~3.1.2"
    braces "~3.0.2"
    glob-parent "~5.1.2"
    is-binary-path "~2.1.0"
    is-glob "~4.0.1"
    normalize-path "~3.0.0"
    readdirp "~3.6.0"
  optionalDependencies:
    fsevents "~2.3.2"

cli-color@^2.0.3:
  version "2.0.3"
  resolved "https://registry.yarnpkg.com/cli-color/-/cli-color-2.0.3.tgz#73769ba969080629670f3f2ef69a4bf4e7cc1879"
  integrity sha512-OkoZnxyC4ERN3zLzZaY9Emb7f/MhBOIpePv0Ycok0fJYT+Ouo00UBEIwsVsr0yoow++n5YWlSUgST9GKhNHiRQ==
  dependencies:
    d "^1.0.1"
    es5-ext "^0.10.61"
    es6-iterator "^2.0.3"
    memoizee "^0.4.15"
    timers-ext "^0.1.7"

d@1, d@^1.0.1:
  version "1.0.1"
  resolved "https://registry.yarnpkg.com/d/-/d-1.0.1.tgz#8698095372d58dbee346ffd0c7093f99f8f9eb5a"
  integrity sha512-m62ShEObQ39CfralilEQRjH6oAMtNCV1xJyEx5LpRYUVN+EviphDgUc/F3hnYbADmkiNs67Y+3ylmlG7Lnu+FA==
  dependencies:
    es5-ext "^0.10.50"
    type "^1.0.1"

date-fns@^2.29.3:
  version "2.30.0"
  resolved "https://registry.yarnpkg.com/date-fns/-/date-fns-2.30.0.tgz#f367e644839ff57894ec6ac480de40cae4b0f4d0"
  integrity sha512-fnULvOpxnC5/Vg3NCiWelDsLiUc9bRwAPs/+LfTLNvetFCtCTN+yQz15C/fs4AwX1R9K5GLtLfn8QW+dWisaAw==
  dependencies:
    "@babel/runtime" "^7.21.0"

date-picker-svelte@^2.3.0:
  version "2.8.0"
  resolved "https://registry.yarnpkg.com/date-picker-svelte/-/date-picker-svelte-2.8.0.tgz#5fe1bea9e4f97942267ef545b498a75704470c34"
  integrity sha512-L9h5mBAq+f85oXa9uPouHNVmi6HkjZwdhcUR8ca578alSiP9rBv4ZnoocR1Jv+s0TpYfBMSWseb+Buk5egF81g==

deepmerge@^4.2.2:
  version "4.3.1"
  resolved "https://registry.yarnpkg.com/deepmerge/-/deepmerge-4.3.1.tgz#44b5f2147cd3b00d4b56137685966f26fd25dd4a"
  integrity sha512-3sUqbMEc77XqpdNO7FRyRog+eW3ph+GYCbj+rK+uYyRMuwsVy0rMiVtPn+QJlKFvWP/1PYpapqYn0Me2knFn+A==

es5-ext@^0.10.35, es5-ext@^0.10.46, es5-ext@^0.10.50, es5-ext@^0.10.53, es5-ext@^0.10.61, es5-ext@~0.10.14, es5-ext@~0.10.2, es5-ext@~0.10.46:
  version "0.10.62"
  resolved "https://registry.yarnpkg.com/es5-ext/-/es5-ext-0.10.62.tgz#5e6adc19a6da524bf3d1e02bbc8960e5eb49a9a5"
  integrity sha512-BHLqn0klhEpnOKSrzn/Xsz2UIW8j+cGmo9JLzr8BiUapV8hPL9+FliFqjwr9ngW7jWdnxv6eO+/LqyhJVqgrjA==
  dependencies:
    es6-iterator "^2.0.3"
    es6-symbol "^3.1.3"
    next-tick "^1.1.0"

es6-iterator@^2.0.3:
  version "2.0.3"
  resolved "https://registry.yarnpkg.com/es6-iterator/-/es6-iterator-2.0.3.tgz#a7de889141a05a94b0854403b2d0a0fbfa98f3b7"
  integrity sha512-zw4SRzoUkd+cl+ZoE15A9o1oQd920Bb0iOJMQkQhl3jNc03YqVjAhG7scf9C5KWRU/R13Orf588uCC6525o02g==
  dependencies:
    d "1"
    es5-ext "^0.10.35"
    es6-symbol "^3.1.1"

es6-symbol@^3.1.1, es6-symbol@^3.1.3:
  version "3.1.3"
  resolved "https://registry.yarnpkg.com/es6-symbol/-/es6-symbol-3.1.3.tgz#bad5d3c1bcdac28269f4cb331e431c78ac705d18"
  integrity sha512-NJ6Yn3FuDinBaBRWl/q5X/s4koRHBrgKAu+yGI6JCBeiu3qrcbJhwT2GeR/EXVfylRk8dpQVJoLEFhK+Mu31NA==
  dependencies:
    d "^1.0.1"
    ext "^1.1.2"

es6-weak-map@^2.0.3:
  version "2.0.3"
  resolved "https://registry.yarnpkg.com/es6-weak-map/-/es6-weak-map-2.0.3.tgz#b6da1f16cc2cc0d9be43e6bdbfc5e7dfcdf31d53"
  integrity sha512-p5um32HOTO1kP+w7PRnB+5lQ43Z6muuMuIMffvDN8ZB4GcnjLBV6zGStpbASIMk4DCAvEaamhe2zhyCb/QXXsA==
  dependencies:
    d "1"
    es5-ext "^0.10.46"
    es6-iterator "^2.0.3"
    es6-symbol "^3.1.1"

esbuild@^0.19.2:
  version "0.19.4"
  resolved "https://registry.yarnpkg.com/esbuild/-/esbuild-0.19.4.tgz#cdf5c4c684956d550bc3c6d0c01dac7fef6c75b1"
  integrity sha512-x7jL0tbRRpv4QUyuDMjONtWFciygUxWaUM1kMX2zWxI0X2YWOt7MSA0g4UdeSiHM8fcYVzpQhKYOycZwxTdZkA==
  optionalDependencies:
    "@esbuild/android-arm" "0.19.4"
    "@esbuild/android-arm64" "0.19.4"
    "@esbuild/android-x64" "0.19.4"
    "@esbuild/darwin-arm64" "0.19.4"
    "@esbuild/darwin-x64" "0.19.4"
    "@esbuild/freebsd-arm64" "0.19.4"
    "@esbuild/freebsd-x64" "0.19.4"
    "@esbuild/linux-arm" "0.19.4"
    "@esbuild/linux-arm64" "0.19.4"
    "@esbuild/linux-ia32" "0.19.4"
    "@esbuild/linux-loong64" "0.19.4"
    "@esbuild/linux-mips64el" "0.19.4"
    "@esbuild/linux-ppc64" "0.19.4"
    "@esbuild/linux-riscv64" "0.19.4"
    "@esbuild/linux-s390x" "0.19.4"
    "@esbuild/linux-x64" "0.19.4"
    "@esbuild/netbsd-x64" "0.19.4"
    "@esbuild/openbsd-x64" "0.19.4"
    "@esbuild/sunos-x64" "0.19.4"
    "@esbuild/win32-arm64" "0.19.4"
    "@esbuild/win32-ia32" "0.19.4"
    "@esbuild/win32-x64" "0.19.4"

estree-walker@^2:
  version "2.0.2"
  resolved "https://registry.yarnpkg.com/estree-walker/-/estree-walker-2.0.2.tgz#52f010178c2a4c117a7757cfe942adb7d2da4cac"
  integrity sha512-Rfkk/Mp/DL7JVje3u18FxFujQlTNR2q6QfMSMB7AvCBx91NGj/ba3kCfza0f6dVDbw7YlRf/nDrn7pQrCCyQ/w==

event-emitter@^0.3.5:
  version "0.3.5"
  resolved "https://registry.yarnpkg.com/event-emitter/-/event-emitter-0.3.5.tgz#df8c69eef1647923c7157b9ce83840610b02cc39"
  integrity sha512-D9rRn9y7kLPnJ+hMq7S/nhvoKwwvVJahBi2BPmx3bvbsEdK3W9ii8cBSGjP+72/LnM4n6fo3+dkCX5FeTQruXA==
  dependencies:
    d "1"
    es5-ext "~0.10.14"

ext@^1.1.2:
  version "1.7.0"
  resolved "https://registry.yarnpkg.com/ext/-/ext-1.7.0.tgz#0ea4383c0103d60e70be99e9a7f11027a33c4f5f"
  integrity sha512-6hxeJYaL110a9b5TEJSj0gojyHQAmA2ch5Os+ySCiA1QGdS697XWY1pzsrSjqA9LDEEgdB/KypIlR59RcLuHYw==
  dependencies:
    type "^2.7.2"

fill-range@^7.0.1:
  version "7.0.1"
  resolved "https://registry.yarnpkg.com/fill-range/-/fill-range-7.0.1.tgz#1919a6a7c75fe38b2c7c77e5198535da9acdda40"
  integrity sha512-qOo9F+dMUmC2Lcb4BbVvnKJxTPjCm+RRpe4gDuGrzkL7mEVl/djYSu2OdQ2Pa302N4oqkSg9ir6jaLWJ2USVpQ==
  dependencies:
    to-regex-range "^5.0.1"

flatpickr@4.6.9:
  version "4.6.9"
  resolved "https://registry.yarnpkg.com/flatpickr/-/flatpickr-4.6.9.tgz#9a13383e8a6814bda5d232eae3fcdccb97dc1499"
  integrity sha512-F0azNNi8foVWKSF+8X+ZJzz8r9sE1G4hl06RyceIaLvyltKvDl6vqk9Lm/6AUUCi5HWaIjiUbk7UpeE/fOXOpw==

fsevents@~2.3.2:
  version "2.3.3"
  resolved "https://registry.yarnpkg.com/fsevents/-/fsevents-2.3.3.tgz#cac6407785d03675a2a5e1a5305c697b347d90d6"
  integrity sha512-5xoDfX+fL7faATnagmWPpbFtwh/R77WmMMqqHGS65C3vvB0YHrgF+B1YmZ3441tMj5n63k0212XNoJwzlhffQw==

glob-parent@~5.1.2:
  version "5.1.2"
  resolved "https://registry.yarnpkg.com/glob-parent/-/glob-parent-5.1.2.tgz#869832c58034fe68a4093c17dc15e8340d8401c4"
  integrity sha512-AOIgSQCepiJYwP3ARnGx+5VnTu2HBYdzbGP45eLw1vr3zB3vZLeyed1sC9hnbcOc9/SrMyM5RPQrkGz4aS9Zow==
  dependencies:
    is-glob "^4.0.1"

globalyzer@0.1.0:
  version "0.1.0"
  resolved "https://registry.yarnpkg.com/globalyzer/-/globalyzer-0.1.0.tgz#cb76da79555669a1519d5a8edf093afaa0bf1465"
  integrity sha512-40oNTM9UfG6aBmuKxk/giHn5nQ8RVz/SS4Ir6zgzOv9/qC3kKZ9v4etGTcJbEl/NyVQH7FGU7d+X1egr57Md2Q==

globrex@^0.1.2:
  version "0.1.2"
  resolved "https://registry.yarnpkg.com/globrex/-/globrex-0.1.2.tgz#dd5d9ec826232730cd6793a5e33a9302985e6098"
  integrity sha512-uHJgbwAMwNFf5mLst7IWLNg14x1CkeqglJb/K3doi4dw6q2IvAAmM/Y81kevy83wP+Sst+nutFTYOGg3d1lsxg==

immutable@^4.0.0:
  version "4.3.4"
  resolved "https://registry.yarnpkg.com/immutable/-/immutable-4.3.4.tgz#2e07b33837b4bb7662f288c244d1ced1ef65a78f"
  integrity sha512-fsXeu4J4i6WNWSikpI88v/PcVflZz+6kMhUfIwc5SY+poQRPnaf5V7qds6SUyUN3cVxEzuCab7QIoLOQ+DQ1wA==

intl-messageformat@^9.13.0:
  version "9.13.0"
  resolved "https://registry.yarnpkg.com/intl-messageformat/-/intl-messageformat-9.13.0.tgz#97360b73bd82212e4f6005c712a4a16053165468"
  integrity sha512-7sGC7QnSQGa5LZP7bXLDhVDtQOeKGeBFGHF2Y8LVBwYZoQZCgWeKoPGTa5GMG8g/TzDgeXuYJQis7Ggiw2xTOw==
  dependencies:
    "@formatjs/ecma402-abstract" "1.11.4"
    "@formatjs/fast-memoize" "1.2.1"
    "@formatjs/icu-messageformat-parser" "2.1.0"
    tslib "^2.1.0"

is-binary-path@~2.1.0:
  version "2.1.0"
  resolved "https://registry.yarnpkg.com/is-binary-path/-/is-binary-path-2.1.0.tgz#ea1f7f3b80f064236e83470f86c09c254fb45b09"
  integrity sha512-ZMERYes6pDydyuGidse7OsHxtbI7WVeUEozgR/g7rd0xUimYNlvZRE/K2MgZTjWy725IfelLeVcEM97mmtRGXw==
  dependencies:
    binary-extensions "^2.0.0"

is-extglob@^2.1.1:
  version "2.1.1"
  resolved "https://registry.yarnpkg.com/is-extglob/-/is-extglob-2.1.1.tgz#a88c02535791f02ed37c76a1b9ea9773c833f8c2"
  integrity sha512-SbKbANkN603Vi4jEZv49LeVJMn4yGwsbzZworEoyEiutsN3nJYdbO36zfhGJ6QEDpOZIFkDtnq5JRxmvl3jsoQ==

is-glob@^4.0.1, is-glob@~4.0.1:
  version "4.0.3"
  resolved "https://registry.yarnpkg.com/is-glob/-/is-glob-4.0.3.tgz#64f61e42cbbb2eec2071a9dac0b28ba1e65d5084"
  integrity sha512-xelSayHH36ZgE7ZWhli7pW34hNbNl8Ojv5KVmkJD4hBdD3th8Tfk9vYasLM+mXWOZhFkgZfxhLSnrwRr4elSSg==
  dependencies:
    is-extglob "^2.1.1"

is-number@^7.0.0:
  version "7.0.0"
  resolved "https://registry.yarnpkg.com/is-number/-/is-number-7.0.0.tgz#7535345b896734d5f80c4d06c50955527a14f12b"
  integrity sha512-41Cifkg6e8TylSpdtTpeLVMqvSBEVzTttHvERD741+pnZ8ANv0004MRL43QKPDlK9cGvNp6NZWZUBlbGXYxxng==

is-promise@^2.2.2:
  version "2.2.2"
  resolved "https://registry.yarnpkg.com/is-promise/-/is-promise-2.2.2.tgz#39ab959ccbf9a774cf079f7b40c7a26f763135f1"
  integrity sha512-+lP4/6lKUBfQjZ2pdxThZvLUAafmZb8OAxFb8XXtiQmS35INgr85hdOGoEs124ez1FCnZJt6jau/T+alh58QFQ==

lru-queue@^0.1.0:
  version "0.1.0"
  resolved "https://registry.yarnpkg.com/lru-queue/-/lru-queue-0.1.0.tgz#2738bd9f0d3cf4f84490c5736c48699ac632cda3"
  integrity sha512-BpdYkt9EvGl8OfWHDQPISVpcl5xZthb+XPsbELj5AQXxIC8IriDZIQYjBJPEm5rS420sjZ0TLEzRcq5KdBhYrQ==
  dependencies:
    es5-ext "~0.10.2"

luxon@^3.3.0:
  version "3.4.3"
  resolved "https://registry.yarnpkg.com/luxon/-/luxon-3.4.3.tgz#8ddf0358a9492267ffec6a13675fbaab5551315d"
  integrity sha512-tFWBiv3h7z+T/tDaoxA8rqTxy1CHV6gHS//QdaH4pulbq/JuBSGgQspQQqcgnwdAx6pNI7cmvz5Sv/addzHmUg==

memoizee@^0.4.15:
  version "0.4.15"
  resolved "https://registry.yarnpkg.com/memoizee/-/memoizee-0.4.15.tgz#e6f3d2da863f318d02225391829a6c5956555b72"
  integrity sha512-UBWmJpLZd5STPm7PMUlOw/TSy972M+z8gcyQ5veOnSDRREz/0bmpyTfKt3/51DhEBqCZQn1udM/5flcSPYhkdQ==
  dependencies:
    d "^1.0.1"
    es5-ext "^0.10.53"
    es6-weak-map "^2.0.3"
    event-emitter "^0.3.5"
    is-promise "^2.2.2"
    lru-queue "^0.1.0"
    next-tick "^1.1.0"
    timers-ext "^0.1.7"

mri@^1.1.0:
  version "1.2.0"
  resolved "https://registry.yarnpkg.com/mri/-/mri-1.2.0.tgz#6721480fec2a11a4889861115a48b6cbe7cc8f0b"
  integrity sha512-tzzskb3bG8LvYGFF/mDTpq3jpI6Q9wc3LEmBaghu+DdCssd1FakN7Bc0hVNmEyGq1bq3RgfkCb3cmQLpNPOroA==

next-tick@1, next-tick@^1.1.0:
  version "1.1.0"
  resolved "https://registry.yarnpkg.com/next-tick/-/next-tick-1.1.0.tgz#1836ee30ad56d67ef281b22bd199f709449b35eb"
  integrity sha512-CXdUiJembsNjuToQvxayPZF9Vqht7hewsvy2sOWafLvi2awflj9mOC6bHIg50orX8IJvWKY9wYQ/zB2kogPslQ==

normalize-path@^3.0.0, normalize-path@~3.0.0:
  version "3.0.0"
  resolved "https://registry.yarnpkg.com/normalize-path/-/normalize-path-3.0.0.tgz#0dcd69ff23a1c9b11fd0978316644a0388216a65"
  integrity sha512-6eZs5Ls3WtCisHWp9S2GUy8dqkpGi4BVSz3GaqiE6ezub0512ESztXUwUB6C6IKbQkY2Pnb/mD4WYojCRwcwLA==

picomatch@^2.0.4, picomatch@^2.2.1:
  version "2.3.1"
  resolved "https://registry.yarnpkg.com/picomatch/-/picomatch-2.3.1.tgz#3ba3833733646d9d3e4995946c1365a67fb07a42"
  integrity sha512-JU3teHTNjmE2VCGFzuY8EXzCDVwEqB2a8fsIvwaStHhAWJEeVd1o1QD80CU6+ZdEXXSLbSsuLwJjkCBWqRQUVA==

readdirp@~3.6.0:
  version "3.6.0"
  resolved "https://registry.yarnpkg.com/readdirp/-/readdirp-3.6.0.tgz#74a370bd857116e245b29cc97340cd431a02a6c7"
  integrity sha512-hOS089on8RduqdbhvQ5Z37A0ESjsqz6qnRcffsMU3495FuTdqSm+7bhJ29JvIOsBDEEnan5DPu9t3To9VRlMzA==
  dependencies:
    picomatch "^2.2.1"

regenerator-runtime@^0.14.0:
  version "0.14.0"
  resolved "https://registry.yarnpkg.com/regenerator-runtime/-/regenerator-runtime-0.14.0.tgz#5e19d68eb12d486f797e15a3c6a918f7cec5eb45"
  integrity sha512-srw17NI0TUWHuGa5CFGGmhfNIeja30WMBfbslPNhf6JrqQlLN5gcrvig1oqPxiVaXb0oW0XRKtH6Nngs5lKCIA==

sade@^1.8.1:
  version "1.8.1"
  resolved "https://registry.yarnpkg.com/sade/-/sade-1.8.1.tgz#0a78e81d658d394887be57d2a409bf703a3b2701"
  integrity sha512-xal3CZX1Xlo/k4ApwCFrHVACi9fBqJ7V+mwhBsuf/1IOKbBy098Fex+Wa/5QMubw09pSZ/u8EY8PWgevJsXp1A==
  dependencies:
    mri "^1.1.0"

sass@^1.60.0:
  version "1.68.0"
  resolved "https://registry.yarnpkg.com/sass/-/sass-1.68.0.tgz#0034b0cc9a50248b7d1702ac166fd25990023669"
  integrity sha512-Lmj9lM/fef0nQswm1J2HJcEsBUba4wgNx2fea6yJHODREoMFnwRpZydBnX/RjyXw2REIwdkbqE4hrTo4qfDBUA==
  dependencies:
    chokidar ">=3.0.0 <4.0.0"
    immutable "^4.0.0"
    source-map-js ">=0.6.2 <2.0.0"

"source-map-js@>=0.6.2 <2.0.0":
  version "1.0.2"
  resolved "https://registry.yarnpkg.com/source-map-js/-/source-map-js-1.0.2.tgz#adbc361d9c62df380125e7f161f71c826f1e490c"
  integrity sha512-R0XvVJ9WusLiqTCEiGCmICCMplcCkIwwR11mOSD9CR5u+IXYdiseeEuXCVAjS54zqwkLcPNnmU4OeJ6tUrWhDw==

svelte-i18n@^3.7.4:
  version "3.7.4"
  resolved "https://registry.yarnpkg.com/svelte-i18n/-/svelte-i18n-3.7.4.tgz#6cf2c86075fd748bd8ca2de5762e43a596c7d189"
  integrity sha512-yGRCNo+eBT4cPuU7IVsYTYjxB7I2V8qgUZPlHnNctJj5IgbJgV78flsRzpjZ/8iUYZrS49oCt7uxlU3AZv/N5Q==
  dependencies:
    cli-color "^2.0.3"
    deepmerge "^4.2.2"
    esbuild "^0.19.2"
    estree-walker "^2"
    intl-messageformat "^9.13.0"
    sade "^1.8.1"
    tiny-glob "^0.2.9"

svelte@^3.58.0:
  version "3.58.0"
  resolved "https://registry.yarnpkg.com/svelte/-/svelte-3.58.0.tgz#d3e6f103efd6129e51c7d709225ad3b4c052b64e"
  integrity sha512-brIBNNB76mXFmU/Kerm4wFnkskBbluBDCjx/8TcpYRb298Yh2dztS2kQ6bhtjMcvUhd5ynClfwpz5h2gnzdQ1A==

timers-ext@^0.1.7:
  version "0.1.7"
  resolved "https://registry.yarnpkg.com/timers-ext/-/timers-ext-0.1.7.tgz#6f57ad8578e07a3fb9f91d9387d65647555e25c6"
  integrity sha512-b85NUNzTSdodShTIbky6ZF02e8STtVVfD+fu4aXXShEELpozH+bCpJLYMPZbsABN2wDH7fJpqIoXxJpzbf0NqQ==
  dependencies:
    es5-ext "~0.10.46"
    next-tick "1"

tiny-glob@^0.2.9:
  version "0.2.9"
  resolved "https://registry.yarnpkg.com/tiny-glob/-/tiny-glob-0.2.9.tgz#2212d441ac17928033b110f8b3640683129d31e2"
  integrity sha512-g/55ssRPUjShh+xkfx9UPDXqhckHEsHr4Vd9zX55oSdGZc/MD0m3sferOkwWtp98bv+kcVfEHtRJgBVJzelrzg==
  dependencies:
    globalyzer "0.1.0"
    globrex "^0.1.2"

to-regex-range@^5.0.1:
  version "5.0.1"
  resolved "https://registry.yarnpkg.com/to-regex-range/-/to-regex-range-5.0.1.tgz#1648c44aae7c8d988a326018ed72f5b4dd0392e4"
  integrity sha512-65P7iz6X5yEr1cwcgvQxbbIw7Uk3gOy5dIdtZ4rDveLqhrdJP+Li/Hx6tyK0NEb+2GCyneCMJiGqrADCSNk8sQ==
  dependencies:
    is-number "^7.0.0"

tslib@^2.1.0:
  version "2.6.2"
  resolved "https://registry.yarnpkg.com/tslib/-/tslib-2.6.2.tgz#703ac29425e7b37cd6fd456e92404d46d1f3e4ae"
  integrity sha512-AEYxH93jGFPn/a2iVAwW87VuUIkR1FVUKB77NwMF7nBTDkDrrT/Hpt/IrCJ0QXhW27jTBDcf5ZY7w6RiqTMw2Q==

type@^1.0.1:
  version "1.2.0"
  resolved "https://registry.yarnpkg.com/type/-/type-1.2.0.tgz#848dd7698dafa3e54a6c479e759c4bc3f18847a0"
  integrity sha512-+5nt5AAniqsCnu2cEQQdpzCAh33kVx8n0VoFidKpB1dVVLAN/F+bgVOqOJqOnEnrhp222clB5p3vUlD+1QAnfg==

type@^2.7.2:
  version "2.7.2"
  resolved "https://registry.yarnpkg.com/type/-/type-2.7.2.tgz#2376a15a3a28b1efa0f5350dcf72d24df6ef98d0"
  integrity sha512-dzlvlNlt6AXU7EBSfpAscydQ7gXB+pPGsPnfJnZpiNJBDj7IaJzQlBZYGdEi4R9HmPdBv2XmWJ6YUtoTa7lmCw==
